
Microsoft Visual Studio Solution File, Format Version 12.00
# Visual Studio Version 17
VisualStudioVersion = 17.2.32526.322
MinimumVisualStudioVersion = 10.0.40219.1
Project("{FAE04EC0-301F-11D3-BF4B-00C04F79EFBC}") = "WindowsFormsApp2", "WindowsFormsApp2.csproj", "{8AE7A492-44A4-428F-A1C4-79E03D3326BD}"
EndProject
Global
	GlobalSection(SolutionConfigurationPlatforms) = preSolution
		Debug|Any CPU = Debug|Any CPU
		Release|Any CPU = Release|Any CPU
	EndGlobalSection
	GlobalSection(ProjectConfigurationPlatforms) = postSolution
		{8AE7A492-44A4-428F-A1C4-79E03D3326BD}.Debug|Any CPU.ActiveCfg = Debug|Any CPU
		{8AE7A492-44A4-428F-A1C4-79E03D3326BD}.Debug|Any CPU.Build.0 = Debug|Any CPU
		{8AE7A492-44A4-428F-A1C4-79E03D3326BD}.Release|Any CPU.ActiveCfg = Release|Any CPU
		{8AE7A492-44A4-428F-A1C4-79E03D3326BD}.Release|Any CPU.Build.0 = Release|Any CPU
	EndGlobalSection
	GlobalSection(SolutionProperties) = preSolution
		HideSolutionNode = FALSE
	EndGlobalSection
	GlobalSection(ExtensibilityGlobals) = postSolution
		SolutionGuid = {D067B9FE-F855-4AB1-B032-794C05048FD5}
	EndGlobalSection
EndGlobal
